{
  "name": "myapp",
  "version": "1.0.0",
  "lockfileVersion": 3,
  "requires": true,
  "packages": {
    "": {
      "version": "1.0.0",
      "license": "AGPL-version-3.0",
      "dependencies": {
        "body-parser": "^1.20.2",
        "codehooks-crudlify-yup": "^1.0.8",
        "codehooks-js": "^1.0.6",
        "codehooks-mongodb": "^1.0.7",
        "debug": "^4.3.4",
        "express": "^4.18.2",
        "mongodb": "^5.1.0",
        "yup": "^1.0.2"
      },
      "devDependencies": {},
      "engines": {
        "node": ">= 14.0.0",
        "npm": ">= 6.0.0"
      }
    },
    "node_modules/@types/node": {
      "version": "18.14.1",
      "license": "MIT"
    },
    "node_modules/@types/webidl-conversions": {
      "version": "7.0.0",
      "license": "MIT"
    },
    "node_modules/@types/whatwg-url": {
      "version": "8.2.2",
      "license": "MIT",
      "dependencies": {
        "@types/node": "*",
        "@types/webidl-conversions": "*"
      }
    },
    "node_modules/accepts": {
      "version": "1.3.8",
      "license": "MIT",
      "dependencies": {
        "mime-types": "~2.1.34",
        "negotiator": "0.6.3"
      },
      "engines": {
        "node": ">= 0.6"
      }
    },
    "node_modules/array-flatten": {
      "version": "1.1.1",
      "license": "MIT"
    },
    "node_modules/body-parser": {
      "version": "1.20.2",
      "resolved": "https://registry.npmjs.org/body-parser/-/body-parser-1.20.2.tgz",
      "integrity": "sha512-ml9pReCu3M61kGlqoTm2umSXTlRTuGTx0bfYj+uIUKKYycG5NtSbeetV3faSU6R7ajOPw0g/J1PvK4qNy7s5bA==",
      "dependencies": {
        "bytes": "3.1.2",
        "content-type": "~1.0.5",
        "debug": "2.6.9",
        "depd": "2.0.0",
        "destroy": "1.2.0",
        "http-errors": "2.0.0",
        "iconv-lite": "0.4.24",
        "on-finished": "2.4.1",
        "qs": "6.11.0",
        "raw-body": "2.5.2",
        "type-is": "~1.6.18",
        "unpipe": "1.0.0"
      },
      "engines": {
        "node": ">= 0.8",
        "npm": "1.2.8000 || >= 1.4.16"
      }
    },
    "node_modules/body-parser/node_modules/debug": {
      "version": "2.6.9",
      "license": "MIT",
      "dependencies": {
        "ms": "2.0.0"
      }
    },
    "node_modules/body-parser/node_modules/ms": {
      "version": "2.0.0",
      "license": "MIT"
    },
    "node_modules/bson": {
      "version": "5.0.1",
      "license": "Apache-2.0",
      "engines": {
        "node": ">=14.20.1"
      }
    },
    "node_modules/bytes": {
      "version": "3.1.2",
      "license": "MIT",
      "engines": {
        "node": ">= 0.8"
      }
    },
    "node_modules/call-bind": {
      "version": "1.0.2",
      "license": "MIT",
      "dependencies": {
        "function-bind": "^1.1.1",
        "get-intrinsic": "^1.0.2"
      },
      "funding": {
        "url": "https://github.com/sponsors/ljharb"
      }
    },
    "node_modules/codehooks-crudlify-yup": {
      "version": "1.0.8",
      "resolved": "https://registry.npmjs.org/codehooks-crudlify-yup/-/codehooks-crudlify-yup-1.0.8.tgz",
      "integrity": "sha512-Ev0Tc80hRSLsWjyF2TIniO5RYNUsGMTUhkZpYPAx22m2169mTlrJ4qrZYv4FE1t96xQqYJMuY+m2AQx6CH+vSQ==",
      "hasShrinkwrap": true,
      "dependencies": {
        "debug": "^4.3.4",
        "query-to-mongo": "^0.10.2",
        "yup": "^0.32.11"
      }
    },
    "node_modules/codehooks-crudlify-yup/node_modules/@babel/runtime": {
      "version": "7.18.9",
      "resolved": "https://registry.npmjs.org/@babel/runtime/-/runtime-7.18.9.tgz",
      "integrity": "sha512-lkqXDcvlFT5rvEjiu6+QYO+1GXrEHRo2LOtS7E4GtX5ESIZOgepqsZBVIj6Pv+a6zqsya9VCgiK1KAK4BvJDAw==",
      "dependencies": {
        "regenerator-runtime": "^0.13.4"
      },
      "engines": {
        "node": ">=6.9.0"
      }
    },
    "node_modules/codehooks-crudlify-yup/node_modules/@types/lodash": {
      "version": "4.14.182",
      "resolved": "https://registry.npmjs.org/@types/lodash/-/lodash-4.14.182.tgz",
      "integrity": "sha512-/THyiqyQAP9AfARo4pF+aCGcyiQ94tX/Is2I7HofNRqoYLgN1PBoOWu2/zTA5zMxzP5EFutMtWtGAFRKUe961Q=="
    },
    "node_modules/codehooks-crudlify-yup/node_modules/codehooks-js": {
      "version": "1.0.3",
      "resolved": "https://registry.npmjs.org/codehooks-js/-/codehooks-js-1.0.3.tgz",
      "integrity": "sha512-okGgkIH1QVDx7S0ylFduixnpvJazL9vgYYCDOmmqXxBRmPLzLH0B1VJ9c0CdaaydSk5uquD4hTJSSdqJ0pl7ow==",
      "dev": true,
      "hasShrinkwrap": true,
      "optional": true,
      "peer": true,
      "dependencies": {
        "cron-parser": "^4.7.1",
        "debug": "^4.3.4",
        "node-cron": "^3.0.2"
      },
      "engines": {
        "node": ">=14.17.0"
      }
    },
    "node_modules/codehooks-crudlify-yup/node_modules/codehooks-js/node_modules/cron-parser": {
      "version": "4.7.1",
      "resolved": "https://registry.npmjs.org/cron-parser/-/cron-parser-4.7.1.tgz",
      "integrity": "sha512-WguFaoQ0hQ61SgsCZLHUcNbAvlK0lypKXu62ARguefYmjzaOXIVRNrAmyXzabTwUn4sQvQLkk6bjH+ipGfw8bA==",
      "dev": true,
      "optional": true,
      "peer": true,
      "dependencies": {
        "luxon": "^3.2.1"
      },
      "engines": {
        "node": ">=12.0.0"
      }
    },
    "node_modules/codehooks-crudlify-yup/node_modules/codehooks-js/node_modules/debug": {
      "version": "4.3.4",
      "resolved": "https://registry.npmjs.org/debug/-/debug-4.3.4.tgz",
      "integrity": "sha512-PRWFHuSU3eDtQJPvnNY7Jcket1j0t5OuOsFzPPzsekD52Zl8qUfFIPEiswXqIvHWGVHOgX+7G/vCNNhehwxfkQ==",
      "dev": true,
      "optional": true,
      "peer": true,
      "dependencies": {
        "ms": "2.1.2"
      },
      "engines": {
        "node": ">=6.0"
      },
      "peerDependenciesMeta": {
        "supports-color": {
          "optional": true
        }
      }
    },
    "node_modules/codehooks-crudlify-yup/node_modules/codehooks-js/node_modules/luxon": {
      "version": "3.2.1",
      "resolved": "https://registry.npmjs.org/luxon/-/luxon-3.2.1.tgz",
      "integrity": "sha512-QrwPArQCNLAKGO/C+ZIilgIuDnEnKx5QYODdDtbFaxzsbZcc/a7WFq7MhsVYgRlwawLtvOUESTlfJ+hc/USqPg==",
      "dev": true,
      "optional": true,
      "peer": true,
      "engines": {
        "node": ">=12"
      }
    },
    "node_modules/codehooks-crudlify-yup/node_modules/codehooks-js/node_modules/ms": {
      "version": "2.1.2",
      "resolved": "https://registry.npmjs.org/ms/-/ms-2.1.2.tgz",
      "integrity": "sha512-sGkPx+VjMtmA6MX27oA4FBFELFCZZ4S4XqeGOXCv68tT+jb3vk/RyaKWP0PTKyWtmLSM0b+adUTEvbs1PEaH2w==",
      "dev": true,
      "optional": true,
      "peer": true
    },
    "node_modules/codehooks-crudlify-yup/node_modules/codehooks-js/node_modules/node-cron": {
      "version": "3.0.2",
      "resolved": "https://registry.npmjs.org/node-cron/-/node-cron-3.0.2.tgz",
      "integrity": "sha512-iP8l0yGlNpE0e6q1o185yOApANRe47UPbLf4YxfbiNHt/RU5eBcGB/e0oudruheSf+LQeDMezqC5BVAb5wwRcQ==",
      "dev": true,
      "optional": true,
      "peer": true,
      "dependencies": {
        "uuid": "8.3.2"
      },
      "engines": {
        "node": ">=6.0.0"
      }
    },
    "node_modules/codehooks-crudlify-yup/node_modules/codehooks-js/node_modules/uuid": {
      "version": "8.3.2",
      "resolved": "https://registry.npmjs.org/uuid/-/uuid-8.3.2.tgz",
      "integrity": "sha512-+NYs2QeMWy+GWFOEm9xnn6HCDp0l7QBD7ml8zLUmJ+93Q5NF0NocErnwkTkXVFNiX3/fpC6afS8Dhb/gz7R7eg==",
      "dev": true,
      "optional": true,
      "peer": true,
      "bin": {
        "uuid": "dist/bin/uuid"
      }
    },
    "node_modules/codehooks-crudlify-yup/node_modules/debug": {
      "version": "4.3.4",
      "resolved": "https://registry.npmjs.org/debug/-/debug-4.3.4.tgz",
      "integrity": "sha512-PRWFHuSU3eDtQJPvnNY7Jcket1j0t5OuOsFzPPzsekD52Zl8qUfFIPEiswXqIvHWGVHOgX+7G/vCNNhehwxfkQ==",
      "dependencies": {
        "ms": "2.1.2"
      },
      "engines": {
        "node": ">=6.0"
      },
      "peerDependenciesMeta": {
        "supports-color": {
          "optional": true
        }
      }
    },
    "node_modules/codehooks-crudlify-yup/node_modules/lodash": {
      "version": "4.17.21",
      "resolved": "https://registry.npmjs.org/lodash/-/lodash-4.17.21.tgz",
      "integrity": "sha512-v2kDEe57lecTulaDIuNTPy3Ry4gLGJ6Z1O3vE1krgXZNrsQ+LFTGHVxVjcXPs17LhbZVGedAJv8XZ1tvj5FvSg=="
    },
    "node_modules/codehooks-crudlify-yup/node_modules/lodash-es": {
      "version": "4.17.21",
      "resolved": "https://registry.npmjs.org/lodash-es/-/lodash-es-4.17.21.tgz",
      "integrity": "sha512-mKnC+QJ9pWVzv+C4/U3rRsHapFfHvQFoFB92e52xeyGMcX6/OlIl78je1u8vePzYZSkkogMPJ2yjxxsb89cxyw=="
    },
    "node_modules/codehooks-crudlify-yup/node_modules/ms": {
      "version": "2.1.2",
      "resolved": "https://registry.npmjs.org/ms/-/ms-2.1.2.tgz",
      "integrity": "sha512-sGkPx+VjMtmA6MX27oA4FBFELFCZZ4S4XqeGOXCv68tT+jb3vk/RyaKWP0PTKyWtmLSM0b+adUTEvbs1PEaH2w=="
    },
    "node_modules/codehooks-crudlify-yup/node_modules/nanoclone": {
      "version": "0.2.1",
      "resolved": "https://registry.npmjs.org/nanoclone/-/nanoclone-0.2.1.tgz",
      "integrity": "sha512-wynEP02LmIbLpcYw8uBKpcfF6dmg2vcpKqxeH5UcoKEYdExslsdUA4ugFauuaeYdTB76ez6gJW8XAZ6CgkXYxA=="
    },
    "node_modules/codehooks-crudlify-yup/node_modules/property-expr": {
      "version": "2.0.5",
      "resolved": "https://registry.npmjs.org/property-expr/-/property-expr-2.0.5.tgz",
      "integrity": "sha512-IJUkICM5dP5znhCckHSv30Q4b5/JA5enCtkRHYaOVOAocnH/1BQEYTC5NMfT3AVl/iXKdr3aqQbQn9DxyWknwA=="
    },
    "node_modules/codehooks-crudlify-yup/node_modules/query-to-mongo": {
      "version": "0.10.2",
      "resolved": "https://registry.npmjs.org/query-to-mongo/-/query-to-mongo-0.10.2.tgz",
      "integrity": "sha512-H2e6/h8+DJT8K/hNeh2SQvhMUtEIKAeAYwCryG4vOSfV8nHsFPMLeyZF4h1BnY19idX1jyCFU40o9q9CYp7Q4g=="
    },
    "node_modules/codehooks-crudlify-yup/node_modules/regenerator-runtime": {
      "version": "0.13.9",
      "resolved": "https://registry.npmjs.org/regenerator-runtime/-/regenerator-runtime-0.13.9.tgz",
      "integrity": "sha512-p3VT+cOEgxFsRRA9X4lkI1E+k2/CtnKtU4gcxyaCUreilL/vqI6CdZ3wxVUx3UOUg+gnUOQQcRI7BmSI656MYA=="
    },
    "node_modules/codehooks-crudlify-yup/node_modules/toposort": {
      "version": "2.0.2",
      "resolved": "https://registry.npmjs.org/toposort/-/toposort-2.0.2.tgz",
      "integrity": "sha512-0a5EOkAUp8D4moMi2W8ZF8jcga7BgZd91O/yabJCFY8az+XSzeGyTKs0Aoo897iV1Nj6guFq8orWDS96z91oGg=="
    },
    "node_modules/codehooks-crudlify-yup/node_modules/yup": {
      "version": "0.32.11",
      "resolved": "https://registry.npmjs.org/yup/-/yup-0.32.11.tgz",
      "integrity": "sha512-Z2Fe1bn+eLstG8DRR6FTavGD+MeAwyfmouhHsIUgaADz8jvFKbO/fXc2trJKZg+5EBjh4gGm3iU/t3onKlXHIg==",
      "dependencies": {
        "@babel/runtime": "^7.15.4",
        "@types/lodash": "^4.14.175",
        "lodash": "^4.17.21",
        "lodash-es": "^4.17.21",
        "nanoclone": "^0.2.1",
        "property-expr": "^2.0.4",
        "toposort": "^2.0.2"
      },
      "engines": {
        "node": ">=10"
      }
    },
    "node_modules/codehooks-js": {
      "version": "1.0.6",
      "resolved": "https://registry.npmjs.org/codehooks-js/-/codehooks-js-1.0.6.tgz",
      "integrity": "sha512-rbxDXAwx9QbQOoucHc07UZzxVDLlYoSLY1BZN0yfDpf6l8Cpn3UY0eSXWEyW4GJx05O+F/fYFzjlAHRrLvd4lw==",
      "hasShrinkwrap": true,
      "dependencies": {
        "cron-parser": "^4.7.1",
        "debug": "^4.3.4",
        "node-cron": "^3.0.2"
      },
      "engines": {
        "node": ">=14.17.0"
      }
    },
    "node_modules/codehooks-js/node_modules/cron-parser": {
      "version": "4.7.1",
      "resolved": "https://registry.npmjs.org/cron-parser/-/cron-parser-4.7.1.tgz",
      "integrity": "sha512-WguFaoQ0hQ61SgsCZLHUcNbAvlK0lypKXu62ARguefYmjzaOXIVRNrAmyXzabTwUn4sQvQLkk6bjH+ipGfw8bA==",
      "dependencies": {
        "luxon": "^3.2.1"
      },
      "engines": {
        "node": ">=12.0.0"
      }
    },
    "node_modules/codehooks-js/node_modules/debug": {
      "version": "4.3.4",
      "resolved": "https://registry.npmjs.org/debug/-/debug-4.3.4.tgz",
      "integrity": "sha512-PRWFHuSU3eDtQJPvnNY7Jcket1j0t5OuOsFzPPzsekD52Zl8qUfFIPEiswXqIvHWGVHOgX+7G/vCNNhehwxfkQ==",
      "dependencies": {
        "ms": "2.1.2"
      },
      "engines": {
        "node": ">=6.0"
      },
      "peerDependenciesMeta": {
        "supports-color": {
          "optional": true
        }
      }
    },
    "node_modules/codehooks-js/node_modules/luxon": {
      "version": "3.2.1",
      "resolved": "https://registry.npmjs.org/luxon/-/luxon-3.2.1.tgz",
      "integrity": "sha512-QrwPArQCNLAKGO/C+ZIilgIuDnEnKx5QYODdDtbFaxzsbZcc/a7WFq7MhsVYgRlwawLtvOUESTlfJ+hc/USqPg==",
      "engines": {
        "node": ">=12"
      }
    },
    "node_modules/codehooks-js/node_modules/ms": {
      "version": "2.1.2",
      "resolved": "https://registry.npmjs.org/ms/-/ms-2.1.2.tgz",
      "integrity": "sha512-sGkPx+VjMtmA6MX27oA4FBFELFCZZ4S4XqeGOXCv68tT+jb3vk/RyaKWP0PTKyWtmLSM0b+adUTEvbs1PEaH2w=="
    },
    "node_modules/codehooks-js/node_modules/node-cron": {
      "version": "3.0.2",
      "resolved": "https://registry.npmjs.org/node-cron/-/node-cron-3.0.2.tgz",
      "integrity": "sha512-iP8l0yGlNpE0e6q1o185yOApANRe47UPbLf4YxfbiNHt/RU5eBcGB/e0oudruheSf+LQeDMezqC5BVAb5wwRcQ==",
      "dependencies": {
        "uuid": "8.3.2"
      },
      "engines": {
        "node": ">=6.0.0"
      }
    },
    "node_modules/codehooks-js/node_modules/uuid": {
      "version": "8.3.2",
      "resolved": "https://registry.npmjs.org/uuid/-/uuid-8.3.2.tgz",
      "integrity": "sha512-+NYs2QeMWy+GWFOEm9xnn6HCDp0l7QBD7ml8zLUmJ+93Q5NF0NocErnwkTkXVFNiX3/fpC6afS8Dhb/gz7R7eg==",
      "bin": {
        "uuid": "dist/bin/uuid"
      }
    },
    "node_modules/codehooks-mongodb": {
      "version": "1.0.7",
      "resolved": "https://registry.npmjs.org/codehooks-mongodb/-/codehooks-mongodb-1.0.7.tgz",
      "integrity": "sha512-TU4hULQYWvUR+b336diAmezCdYwOuwH3CefNiiMr7fFSFP47SrztP75iz9vitKXA2Z1wc0/HN2/+cfCdlNT0IA==",
      "hasShrinkwrap": true,
      "dependencies": {
        "debug": "^4.3.4",
        "mongodb": "^5.0.0"
      }
    },
    "node_modules/codehooks-mongodb/node_modules/@types/node": {
      "version": "18.13.0",
      "resolved": "https://registry.npmjs.org/@types/node/-/node-18.13.0.tgz",
      "integrity": "sha512-gC3TazRzGoOnoKAhUx+Q0t8S9Tzs74z7m0ipwGpSqQrleP14hKxP4/JUeEQcD3W1/aIpnWl8pHowI7WokuZpXg=="
    },
    "node_modules/codehooks-mongodb/node_modules/@types/webidl-conversions": {
      "version": "7.0.0",
      "resolved": "https://registry.npmjs.org/@types/webidl-conversions/-/webidl-conversions-7.0.0.tgz",
      "integrity": "sha512-xTE1E+YF4aWPJJeUzaZI5DRntlkY3+BCVJi0axFptnjGmAoWxkyREIh/XMrfxVLejwQxMCfDXdICo0VLxThrog=="
    },
    "node_modules/codehooks-mongodb/node_modules/@types/whatwg-url": {
      "version": "8.2.2",
      "resolved": "https://registry.npmjs.org/@types/whatwg-url/-/whatwg-url-8.2.2.tgz",
      "integrity": "sha512-FtQu10RWgn3D9U4aazdwIE2yzphmTJREDqNdODHrbrZmmMqI0vMheC/6NE/J1Yveaj8H+ela+YwWTjq5PGmuhA==",
      "dependencies": {
        "@types/node": "*",
        "@types/webidl-conversions": "*"
      }
    },
    "node_modules/codehooks-mongodb/node_modules/bson": {
      "version": "5.0.0",
      "resolved": "https://registry.npmjs.org/bson/-/bson-5.0.0.tgz",
      "integrity": "sha512-EL2KpZdyhshyyptj6pnQfnFKPoncD9KwZYvgmj/FXQiOUU1HWTHWmBOP4TZXU3YzStcI5qgpIl68YnMo16s26A==",
      "engines": {
        "node": ">=14.20.1"
      }
    },
    "node_modules/codehooks-mongodb/node_modules/debug": {
      "version": "4.3.4",
      "resolved": "https://registry.npmjs.org/debug/-/debug-4.3.4.tgz",
      "integrity": "sha512-PRWFHuSU3eDtQJPvnNY7Jcket1j0t5OuOsFzPPzsekD52Zl8qUfFIPEiswXqIvHWGVHOgX+7G/vCNNhehwxfkQ==",
      "dependencies": {
        "ms": "2.1.2"
      },
      "engines": {
        "node": ">=6.0"
      },
      "peerDependenciesMeta": {
        "supports-color": {
          "optional": true
        }
      }
    },
    "node_modules/codehooks-mongodb/node_modules/ip": {
      "version": "2.0.0",
      "resolved": "https://registry.npmjs.org/ip/-/ip-2.0.0.tgz",
      "integrity": "sha512-WKa+XuLG1A1R0UWhl2+1XQSi+fZWMsYKffMZTTYsiZaUD8k2yDAj5atimTUD2TZkyCkNEeYE5NhFZmupOGtjYQ=="
    },
    "node_modules/codehooks-mongodb/node_modules/memory-pager": {
      "version": "1.5.0",
      "resolved": "https://registry.npmjs.org/memory-pager/-/memory-pager-1.5.0.tgz",
      "integrity": "sha512-ZS4Bp4r/Zoeq6+NLJpP+0Zzm0pR8whtGPf1XExKLJBAczGMnSi3It14OiNCStjQjM6NU1okjQGSxgEZN8eBYKg==",
      "optional": true
    },
    "node_modules/codehooks-mongodb/node_modules/mongodb": {
      "version": "5.0.1",
      "resolved": "https://registry.npmjs.org/mongodb/-/mongodb-5.0.1.tgz",
      "integrity": "sha512-KpjtY+NWFmcic6UDYEdfn768ZTuKyv7CRaui7ZSd6q/0/o1AURMC7KygTUwB1Cl8V10Pe5NiP+Y2eBMCDs/ygQ==",
      "dependencies": {
        "bson": "^5.0.0",
        "mongodb-connection-string-url": "^2.6.0",
        "socks": "^2.7.1"
      },
      "engines": {
        "node": ">=14.20.1"
      },
      "optionalDependencies": {
        "saslprep": "^1.0.3"
      },
      "peerDependencies": {
        "@aws-sdk/credential-providers": "^3.201.0",
        "mongodb-client-encryption": "^2.3.0",
        "snappy": "^7.2.2"
      },
      "peerDependenciesMeta": {
        "@aws-sdk/credential-providers": {
          "optional": true
        },
        "mongodb-client-encryption": {
          "optional": true
        },
        "snappy": {
          "optional": true
        }
      }
    },
    "node_modules/codehooks-mongodb/node_modules/mongodb-connection-string-url": {
      "version": "2.6.0",
      "resolved": "https://registry.npmjs.org/mongodb-connection-string-url/-/mongodb-connection-string-url-2.6.0.tgz",
      "integrity": "sha512-WvTZlI9ab0QYtTYnuMLgobULWhokRjtC7db9LtcVfJ+Hsnyr5eo6ZtNAt3Ly24XZScGMelOcGtm7lSn0332tPQ==",
      "dependencies": {
        "@types/whatwg-url": "^8.2.1",
        "whatwg-url": "^11.0.0"
      }
    },
    "node_modules/codehooks-mongodb/node_modules/ms": {
      "version": "2.1.2",
      "resolved": "https://registry.npmjs.org/ms/-/ms-2.1.2.tgz",
      "integrity": "sha512-sGkPx+VjMtmA6MX27oA4FBFELFCZZ4S4XqeGOXCv68tT+jb3vk/RyaKWP0PTKyWtmLSM0b+adUTEvbs1PEaH2w=="
    },
    "node_modules/codehooks-mongodb/node_modules/punycode": {
      "version": "2.3.0",
      "resolved": "https://registry.npmjs.org/punycode/-/punycode-2.3.0.tgz",
      "integrity": "sha512-rRV+zQD8tVFys26lAGR9WUuS4iUAngJScM+ZRSKtvl5tKeZ2t5bvdNFdNHBW9FWR4guGHlgmsZ1G7BSm2wTbuA==",
      "engines": {
        "node": ">=6"
      }
    },
    "node_modules/codehooks-mongodb/node_modules/saslprep": {
      "version": "1.0.3",
      "resolved": "https://registry.npmjs.org/saslprep/-/saslprep-1.0.3.tgz",
      "integrity": "sha512-/MY/PEMbk2SuY5sScONwhUDsV2p77Znkb/q3nSVstq/yQzYJOH/Azh29p9oJLsl3LnQwSvZDKagDGBsBwSooag==",
      "optional": true,
      "dependencies": {
        "sparse-bitfield": "^3.0.3"
      },
      "engines": {
        "node": ">=6"
      }
    },
    "node_modules/codehooks-mongodb/node_modules/smart-buffer": {
      "version": "4.2.0",
      "resolved": "https://registry.npmjs.org/smart-buffer/-/smart-buffer-4.2.0.tgz",
      "integrity": "sha512-94hK0Hh8rPqQl2xXc3HsaBoOXKV20MToPkcXvwbISWLEs+64sBq5kFgn2kJDHb1Pry9yrP0dxrCI9RRci7RXKg==",
      "engines": {
        "node": ">= 6.0.0",
        "npm": ">= 3.0.0"
      }
    },
    "node_modules/codehooks-mongodb/node_modules/socks": {
      "version": "2.7.1",
      "resolved": "https://registry.npmjs.org/socks/-/socks-2.7.1.tgz",
      "integrity": "sha512-7maUZy1N7uo6+WVEX6psASxtNlKaNVMlGQKkG/63nEDdLOWNbiUMoLK7X4uYoLhQstau72mLgfEWcXcwsaHbYQ==",
      "dependencies": {
        "ip": "^2.0.0",
        "smart-buffer": "^4.2.0"
      },
      "engines": {
        "node": ">= 10.13.0",
        "npm": ">= 3.0.0"
      }
    },
    "node_modules/codehooks-mongodb/node_modules/sparse-bitfield": {
      "version": "3.0.3",
      "resolved": "https://registry.npmjs.org/sparse-bitfield/-/sparse-bitfield-3.0.3.tgz",
      "integrity": "sha512-kvzhi7vqKTfkh0PZU+2D2PIllw2ymqJKujUcyPMd9Y75Nv4nPbGJZXNhxsgdQab2BmlDct1YnfQCguEvHr7VsQ==",
      "optional": true,
      "dependencies": {
        "memory-pager": "^1.0.2"
      }
    },
    "node_modules/codehooks-mongodb/node_modules/tr46": {
      "version": "3.0.0",
      "resolved": "https://registry.npmjs.org/tr46/-/tr46-3.0.0.tgz",
      "integrity": "sha512-l7FvfAHlcmulp8kr+flpQZmVwtu7nfRV7NZujtN0OqES8EL4O4e0qqzL0DC5gAvx/ZC/9lk6rhcUwYvkBnBnYA==",
      "dependencies": {
        "punycode": "^2.1.1"
      },
      "engines": {
        "node": ">=12"
      }
    },
    "node_modules/codehooks-mongodb/node_modules/webidl-conversions": {
      "version": "7.0.0",
      "resolved": "https://registry.npmjs.org/webidl-conversions/-/webidl-conversions-7.0.0.tgz",
      "integrity": "sha512-VwddBukDzu71offAQR975unBIGqfKZpM+8ZX6ySk8nYhVoo5CYaZyzt3YBvYtRtO+aoGlqxPg/B87NGVZ/fu6g==",
      "engines": {
        "node": ">=12"
      }
    },
    "node_modules/codehooks-mongodb/node_modules/whatwg-url": {
      "version": "11.0.0",
      "resolved": "https://registry.npmjs.org/whatwg-url/-/whatwg-url-11.0.0.tgz",
      "integrity": "sha512-RKT8HExMpoYx4igMiVMY83lN6UeITKJlBQ+vR/8ZJ8OCdSiN3RwCq+9gH0+Xzj0+5IrM6i4j/6LuvzbZIQgEcQ==",
      "dependencies": {
        "tr46": "^3.0.0",
        "webidl-conversions": "^7.0.0"
      },
      "engines": {
        "node": ">=12"
      }
    },
    "node_modules/content-disposition": {
      "version": "0.5.4",
      "license": "MIT",
      "dependencies": {
        "safe-buffer": "5.2.1"
      },
      "engines": {
        "node": ">= 0.6"
      }
    },
    "node_modules/content-type": {
      "version": "1.0.5",
      "license": "MIT",
      "engines": {
        "node": ">= 0.6"
      }
    },
    "node_modules/cookie": {
      "version": "0.5.0",
      "license": "MIT",
      "engines": {
        "node": ">= 0.6"
      }
    },
    "node_modules/cookie-signature": {
      "version": "1.0.6",
      "license": "MIT"
    },
    "node_modules/debug": {
      "version": "4.3.4",
      "resolved": "https://registry.npmjs.org/debug/-/debug-4.3.4.tgz",
      "integrity": "sha512-PRWFHuSU3eDtQJPvnNY7Jcket1j0t5OuOsFzPPzsekD52Zl8qUfFIPEiswXqIvHWGVHOgX+7G/vCNNhehwxfkQ==",
      "dependencies": {
        "ms": "2.1.2"
      },
      "engines": {
        "node": ">=6.0"
      },
      "peerDependenciesMeta": {
        "supports-color": {
          "optional": true
        }
      }
    },
    "node_modules/depd": {
      "version": "2.0.0",
      "license": "MIT",
      "engines": {
        "node": ">= 0.8"
      }
    },
    "node_modules/destroy": {
      "version": "1.2.0",
      "license": "MIT",
      "engines": {
        "node": ">= 0.8",
        "npm": "1.2.8000 || >= 1.4.16"
      }
    },
    "node_modules/ee-first": {
      "version": "1.1.1",
      "license": "MIT"
    },
    "node_modules/encodeurl": {
      "version": "1.0.2",
      "license": "MIT",
      "engines": {
        "node": ">= 0.8"
      }
    },
    "node_modules/escape-html": {
      "version": "1.0.3",
      "license": "MIT"
    },
    "node_modules/etag": {
      "version": "1.8.1",
      "license": "MIT",
      "engines": {
        "node": ">= 0.6"
      }
    },
    "node_modules/express": {
      "version": "4.18.2",
      "resolved": "https://registry.npmjs.org/express/-/express-4.18.2.tgz",
      "integrity": "sha512-5/PsL6iGPdfQ/lKM1UuielYgv3BUoJfz1aUwU9vHZ+J7gyvwdQXFEBIEIaxeGf0GIcreATNyBExtalisDbuMqQ==",
      "dependencies": {
        "accepts": "~1.3.8",
        "array-flatten": "1.1.1",
        "body-parser": "1.20.1",
        "content-disposition": "0.5.4",
        "content-type": "~1.0.4",
        "cookie": "0.5.0",
        "cookie-signature": "1.0.6",
        "debug": "2.6.9",
        "depd": "2.0.0",
        "encodeurl": "~1.0.2",
        "escape-html": "~1.0.3",
        "etag": "~1.8.1",
        "finalhandler": "1.2.0",
        "fresh": "0.5.2",
        "http-errors": "2.0.0",
        "merge-descriptors": "1.0.1",
        "methods": "~1.1.2",
        "on-finished": "2.4.1",
        "parseurl": "~1.3.3",
        "path-to-regexp": "0.1.7",
        "proxy-addr": "~2.0.7",
        "qs": "6.11.0",
        "range-parser": "~1.2.1",
        "safe-buffer": "5.2.1",
        "send": "0.18.0",
        "serve-static": "1.15.0",
        "setprototypeof": "1.2.0",
        "statuses": "2.0.1",
        "type-is": "~1.6.18",
        "utils-merge": "1.0.1",
        "vary": "~1.1.2"
      },
      "engines": {
        "node": ">= 0.10.0"
      }
    },
    "node_modules/express/node_modules/body-parser": {
      "version": "1.20.1",
      "license": "MIT",
      "dependencies": {
        "bytes": "3.1.2",
        "content-type": "~1.0.4",
        "debug": "2.6.9",
        "depd": "2.0.0",
        "destroy": "1.2.0",
        "http-errors": "2.0.0",
        "iconv-lite": "0.4.24",
        "on-finished": "2.4.1",
        "qs": "6.11.0",
        "raw-body": "2.5.1",
        "type-is": "~1.6.18",
        "unpipe": "1.0.0"
      },
      "engines": {
        "node": ">= 0.8",
        "npm": "1.2.8000 || >= 1.4.16"
      }
    },
    "node_modules/express/node_modules/debug": {
      "version": "2.6.9",
      "license": "MIT",
      "dependencies": {
        "ms": "2.0.0"
      }
    },
    "node_modules/express/node_modules/ms": {
      "version": "2.0.0",
      "license": "MIT"
    },
    "node_modules/express/node_modules/raw-body": {
      "version": "2.5.1",
      "license": "MIT",
      "dependencies": {
        "bytes": "3.1.2",
        "http-errors": "2.0.0",
        "iconv-lite": "0.4.24",
        "unpipe": "1.0.0"
      },
      "engines": {
        "node": ">= 0.8"
      }
    },
    "node_modules/finalhandler": {
      "version": "1.2.0",
      "license": "MIT",
      "dependencies": {
        "debug": "2.6.9",
        "encodeurl": "~1.0.2",
        "escape-html": "~1.0.3",
        "on-finished": "2.4.1",
        "parseurl": "~1.3.3",
        "statuses": "2.0.1",
        "unpipe": "~1.0.0"
      },
      "engines": {
        "node": ">= 0.8"
      }
    },
    "node_modules/finalhandler/node_modules/debug": {
      "version": "2.6.9",
      "license": "MIT",
      "dependencies": {
        "ms": "2.0.0"
      }
    },
    "node_modules/finalhandler/node_modules/ms": {
      "version": "2.0.0",
      "license": "MIT"
    },
    "node_modules/forwarded": {
      "version": "0.2.0",
      "license": "MIT",
      "engines": {
        "node": ">= 0.6"
      }
    },
    "node_modules/fresh": {
      "version": "0.5.2",
      "license": "MIT",
      "engines": {
        "node": ">= 0.6"
      }
    },
    "node_modules/function-bind": {
      "version": "1.1.1",
      "license": "MIT"
    },
    "node_modules/get-intrinsic": {
      "version": "1.2.0",
      "license": "MIT",
      "dependencies": {
        "function-bind": "^1.1.1",
        "has": "^1.0.3",
        "has-symbols": "^1.0.3"
      },
      "funding": {
        "url": "https://github.com/sponsors/ljharb"
      }
    },
    "node_modules/has": {
      "version": "1.0.3",
      "license": "MIT",
      "dependencies": {
        "function-bind": "^1.1.1"
      },
      "engines": {
        "node": ">= 0.4.0"
      }
    },
    "node_modules/has-symbols": {
      "version": "1.0.3",
      "license": "MIT",
      "engines": {
        "node": ">= 0.4"
      },
      "funding": {
        "url": "https://github.com/sponsors/ljharb"
      }
    },
    "node_modules/http-errors": {
      "version": "2.0.0",
      "license": "MIT",
      "dependencies": {
        "depd": "2.0.0",
        "inherits": "2.0.4",
        "setprototypeof": "1.2.0",
        "statuses": "2.0.1",
        "toidentifier": "1.0.1"
      },
      "engines": {
        "node": ">= 0.8"
      }
    },
    "node_modules/iconv-lite": {
      "version": "0.4.24",
      "license": "MIT",
      "dependencies": {
        "safer-buffer": ">= 2.1.2 < 3"
      },
      "engines": {
        "node": ">=0.10.0"
      }
    },
    "node_modules/inherits": {
      "version": "2.0.4",
      "license": "ISC"
    },
    "node_modules/ip": {
      "version": "2.0.0",
      "license": "MIT"
    },
    "node_modules/ipaddr.js": {
      "version": "1.9.1",
      "license": "MIT",
      "engines": {
        "node": ">= 0.10"
      }
    },
    "node_modules/media-typer": {
      "version": "0.3.0",
      "license": "MIT",
      "engines": {
        "node": ">= 0.6"
      }
    },
    "node_modules/memory-pager": {
      "version": "1.5.0",
      "license": "MIT",
      "optional": true
    },
    "node_modules/merge-descriptors": {
      "version": "1.0.1",
      "license": "MIT"
    },
    "node_modules/methods": {
      "version": "1.1.2",
      "license": "MIT",
      "engines": {
        "node": ">= 0.6"
      }
    },
    "node_modules/mime": {
      "version": "1.6.0",
      "license": "MIT",
      "bin": {
        "mime": "cli.js"
      },
      "engines": {
        "node": ">=4"
      }
    },
    "node_modules/mime-db": {
      "version": "1.52.0",
      "license": "MIT",
      "engines": {
        "node": ">= 0.6"
      }
    },
    "node_modules/mime-types": {
      "version": "2.1.35",
      "license": "MIT",
      "dependencies": {
        "mime-db": "1.52.0"
      },
      "engines": {
        "node": ">= 0.6"
      }
    },
    "node_modules/mongodb": {
      "version": "5.1.0",
      "resolved": "https://registry.npmjs.org/mongodb/-/mongodb-5.1.0.tgz",
      "integrity": "sha512-qgKb7y+EI90y4weY3z5+lIgm8wmexbonz0GalHkSElQXVKtRuwqXuhXKccyvIjXCJVy9qPV82zsinY0W1FBnJw==",
      "dependencies": {
        "bson": "^5.0.1",
        "mongodb-connection-string-url": "^2.6.0",
        "socks": "^2.7.1"
      },
      "engines": {
        "node": ">=14.20.1"
      },
      "optionalDependencies": {
        "saslprep": "^1.0.3"
      },
      "peerDependencies": {
        "@aws-sdk/credential-providers": "^3.201.0",
        "mongodb-client-encryption": "^2.3.0",
        "snappy": "^7.2.2"
      },
      "peerDependenciesMeta": {
        "@aws-sdk/credential-providers": {
          "optional": true
        },
        "mongodb-client-encryption": {
          "optional": true
        },
        "snappy": {
          "optional": true
        }
      }
    },
    "node_modules/mongodb-connection-string-url": {
      "version": "2.6.0",
      "license": "Apache-2.0",
      "dependencies": {
        "@types/whatwg-url": "^8.2.1",
        "whatwg-url": "^11.0.0"
      }
    },
    "node_modules/ms": {
      "version": "2.1.2",
      "license": "MIT"
    },
    "node_modules/negotiator": {
      "version": "0.6.3",
      "license": "MIT",
      "engines": {
        "node": ">= 0.6"
      }
    },
    "node_modules/object-inspect": {
      "version": "1.12.3",
      "license": "MIT",
      "funding": {
        "url": "https://github.com/sponsors/ljharb"
      }
    },
    "node_modules/on-finished": {
      "version": "2.4.1",
      "license": "MIT",
      "dependencies": {
        "ee-first": "1.1.1"
      },
      "engines": {
        "node": ">= 0.8"
      }
    },
    "node_modules/parseurl": {
      "version": "1.3.3",
      "license": "MIT",
      "engines": {
        "node": ">= 0.8"
      }
    },
    "node_modules/path-to-regexp": {
      "version": "0.1.7",
      "license": "MIT"
    },
    "node_modules/property-expr": {
      "version": "2.0.5",
      "license": "MIT"
    },
    "node_modules/proxy-addr": {
      "version": "2.0.7",
      "license": "MIT",
      "dependencies": {
        "forwarded": "0.2.0",
        "ipaddr.js": "1.9.1"
      },
      "engines": {
        "node": ">= 0.10"
      }
    },
    "node_modules/punycode": {
      "version": "2.3.0",
      "license": "MIT",
      "engines": {
        "node": ">=6"
      }
    },
    "node_modules/qs": {
      "version": "6.11.0",
      "license": "BSD-3-Clause",
      "dependencies": {
        "side-channel": "^1.0.4"
      },
      "engines": {
        "node": ">=0.6"
      },
      "funding": {
        "url": "https://github.com/sponsors/ljharb"
      }
    },
    "node_modules/range-parser": {
      "version": "1.2.1",
      "license": "MIT",
      "engines": {
        "node": ">= 0.6"
      }
    },
    "node_modules/raw-body": {
      "version": "2.5.2",
      "license": "MIT",
      "dependencies": {
        "bytes": "3.1.2",
        "http-errors": "2.0.0",
        "iconv-lite": "0.4.24",
        "unpipe": "1.0.0"
      },
      "engines": {
        "node": ">= 0.8"
      }
    },
    "node_modules/safe-buffer": {
      "version": "5.2.1",
      "funding": [
        {
          "type": "github",
          "url": "https://github.com/sponsors/feross"
        },
        {
          "type": "patreon",
          "url": "https://www.patreon.com/feross"
        },
        {
          "type": "consulting",
          "url": "https://feross.org/support"
        }
      ],
      "license": "MIT"
    },
    "node_modules/safer-buffer": {
      "version": "2.1.2",
      "license": "MIT"
    },
    "node_modules/saslprep": {
      "version": "1.0.3",
      "license": "MIT",
      "optional": true,
      "dependencies": {
        "sparse-bitfield": "^3.0.3"
      },
      "engines": {
        "node": ">=6"
      }
    },
    "node_modules/send": {
      "version": "0.18.0",
      "license": "MIT",
      "dependencies": {
        "debug": "2.6.9",
        "depd": "2.0.0",
        "destroy": "1.2.0",
        "encodeurl": "~1.0.2",
        "escape-html": "~1.0.3",
        "etag": "~1.8.1",
        "fresh": "0.5.2",
        "http-errors": "2.0.0",
        "mime": "1.6.0",
        "ms": "2.1.3",
        "on-finished": "2.4.1",
        "range-parser": "~1.2.1",
        "statuses": "2.0.1"
      },
      "engines": {
        "node": ">= 0.8.0"
      }
    },
    "node_modules/send/node_modules/debug": {
      "version": "2.6.9",
      "license": "MIT",
      "dependencies": {
        "ms": "2.0.0"
      }
    },
    "node_modules/send/node_modules/debug/node_modules/ms": {
      "version": "2.0.0",
      "license": "MIT"
    },
    "node_modules/send/node_modules/ms": {
      "version": "2.1.3",
      "license": "MIT"
    },
    "node_modules/serve-static": {
      "version": "1.15.0",
      "license": "MIT",
      "dependencies": {
        "encodeurl": "~1.0.2",
        "escape-html": "~1.0.3",
        "parseurl": "~1.3.3",
        "send": "0.18.0"
      },
      "engines": {
        "node": ">= 0.8.0"
      }
    },
    "node_modules/setprototypeof": {
      "version": "1.2.0",
      "license": "ISC"
    },
    "node_modules/side-channel": {
      "version": "1.0.4",
      "license": "MIT",
      "dependencies": {
        "call-bind": "^1.0.0",
        "get-intrinsic": "^1.0.2",
        "object-inspect": "^1.9.0"
      },
      "funding": {
        "url": "https://github.com/sponsors/ljharb"
      }
    },
    "node_modules/smart-buffer": {
      "version": "4.2.0",
      "license": "MIT",
      "engines": {
        "node": ">= 6.0.0",
        "npm": ">= 3.0.0"
      }
    },
    "node_modules/socks": {
      "version": "2.7.1",
      "license": "MIT",
      "dependencies": {
        "ip": "^2.0.0",
        "smart-buffer": "^4.2.0"
      },
      "engines": {
        "node": ">= 10.13.0",
        "npm": ">= 3.0.0"
      }
    },
    "node_modules/sparse-bitfield": {
      "version": "3.0.3",
      "license": "MIT",
      "optional": true,
      "dependencies": {
        "memory-pager": "^1.0.2"
      }
    },
    "node_modules/statuses": {
      "version": "2.0.1",
      "license": "MIT",
      "engines": {
        "node": ">= 0.8"
      }
    },
    "node_modules/tiny-case": {
      "version": "1.0.3",
      "license": "MIT"
    },
    "node_modules/toidentifier": {
      "version": "1.0.1",
      "license": "MIT",
      "engines": {
        "node": ">=0.6"
      }
    },
    "node_modules/toposort": {
      "version": "2.0.2",
      "license": "MIT"
    },
    "node_modules/tr46": {
      "version": "3.0.0",
      "license": "MIT",
      "dependencies": {
        "punycode": "^2.1.1"
      },
      "engines": {
        "node": ">=12"
      }
    },
    "node_modules/type-fest": {
      "version": "2.19.0",
      "license": "(MIT OR CC0-1.0)",
      "engines": {
        "node": ">=12.20"
      },
      "funding": {
        "url": "https://github.com/sponsors/sindresorhus"
      }
    },
    "node_modules/type-is": {
      "version": "1.6.18",
      "license": "MIT",
      "dependencies": {
        "media-typer": "0.3.0",
        "mime-types": "~2.1.24"
      },
      "engines": {
        "node": ">= 0.6"
      }
    },
    "node_modules/unpipe": {
      "version": "1.0.0",
      "license": "MIT",
      "engines": {
        "node": ">= 0.8"
      }
    },
    "node_modules/utils-merge": {
      "version": "1.0.1",
      "license": "MIT",
      "engines": {
        "node": ">= 0.4.0"
      }
    },
    "node_modules/vary": {
      "version": "1.1.2",
      "license": "MIT",
      "engines": {
        "node": ">= 0.8"
      }
    },
    "node_modules/webidl-conversions": {
      "version": "7.0.0",
      "license": "BSD-2-Clause",
      "engines": {
        "node": ">=12"
      }
    },
    "node_modules/whatwg-url": {
      "version": "11.0.0",
      "license": "MIT",
      "dependencies": {
        "tr46": "^3.0.0",
        "webidl-conversions": "^7.0.0"
      },
      "engines": {
        "node": ">=12"
      }
    },
    "node_modules/yup": {
      "version": "1.0.2",
      "resolved": "https://registry.npmjs.org/yup/-/yup-1.0.2.tgz",
      "integrity": "sha512-Lpi8nITFKjWtCoK3yQP8MUk78LJmHWqbFd0OOMXTar+yjejlQ4OIIoZgnTW1bnEUKDw6dZBcy3/IdXnt2KDUow==",
      "dependencies": {
        "property-expr": "^2.0.5",
        "tiny-case": "^1.0.3",
        "toposort": "^2.0.2",
        "type-fest": "^2.19.0"
      }
    }
  }
}
