{
  "name": "quotes",
  "lockfileVersion": 2,
  "requires": true,
  "packages": {
    "": {
      "dependencies": {
        "codehooks-js": "^0.0.8"
      }
    },
    "node_modules/codehooks-js": {
      "version": "0.0.8",
      "resolved": "https://registry.npmjs.org/codehooks-js/-/codehooks-js-0.0.8.tgz",
      "integrity": "sha512-YLnin8mly6F6bxg1W4KT38HErLCWyFEf545KNrrzwKamtT2pQBjnHO3RnRWtoFT1yjbhhTg0jrQWyWFwHtvb3w==",
      "dependencies": {
        "lodash": "^4.17.21"
      },
      "engines": {
        "node": ">=14.17.0"
      }
    },
    "node_modules/lodash": {
      "version": "4.17.21",
      "resolved": "https://registry.npmjs.org/lodash/-/lodash-4.17.21.tgz",
      "integrity": "sha512-v2kDEe57lecTulaDIuNTPy3Ry4gLGJ6Z1O3vE1krgXZNrsQ+LFTGHVxVjcXPs17LhbZVGedAJv8XZ1tvj5FvSg=="
    }
  },
  "dependencies": {
    "codehooks-js": {
      "version": "0.0.8",
      "resolved": "https://registry.npmjs.org/codehooks-js/-/codehooks-js-0.0.8.tgz",
      "integrity": "sha512-YLnin8mly6F6bxg1W4KT38HErLCWyFEf545KNrrzwKamtT2pQBjnHO3RnRWtoFT1yjbhhTg0jrQWyWFwHtvb3w==",
      "requires": {
        "lodash": "^4.17.21"
      }
    },
    "lodash": {
      "version": "4.17.21",
      "resolved": "https://registry.npmjs.org/lodash/-/lodash-4.17.21.tgz",
      "integrity": "sha512-v2kDEe57lecTulaDIuNTPy3Ry4gLGJ6Z1O3vE1krgXZNrsQ+LFTGHVxVjcXPs17LhbZVGedAJv8XZ1tvj5FvSg=="
    }
  }
}
