{
  "name": "filedemo",
  "lockfileVersion": 3,
  "requires": true,
  "packages": {
    "": {
      "dependencies": {
        "codehooks-crudlify": "^1.0.11",
        "codehooks-js": "^1.0.12"
      }
    },
    "node_modules/codehooks-crudlify": {
      "version": "1.0.11",
      "resolved": "https://registry.npmjs.org/codehooks-crudlify/-/codehooks-crudlify-1.0.11.tgz",
      "integrity": "sha512-YF9w1snmOwM2WSPpnXnmFEKdIn/ucKahsX70LEwB/dBK43yWg1lwtT8fuFOf4ar+z7JZWiv4fpHYN0G3NkXIWQ==",
      "engines": {
        "node": ">= 14.0.0",
        "npm": ">= 6.0.0"
      }
    },
    "node_modules/codehooks-js": {
      "version": "1.0.12",
      "resolved": "https://registry.npmjs.org/codehooks-js/-/codehooks-js-1.0.12.tgz",
      "integrity": "sha512-nY54+N6APfTH9w51vb7Y/B6VYGrTgGFL6lgOK0Pk0p9Ec5GwUq13qOmucjUsM5zQ6+llEgZ2CwmnV+unCVG4GQ==",
      "dependencies": {
        "cron-parser": "^4.7.1",
        "node-cron": "^3.0.2"
      },
      "engines": {
        "node": ">=14.17.0"
      }
    },
    "node_modules/cron-parser": {
      "version": "4.9.0",
      "resolved": "https://registry.npmjs.org/cron-parser/-/cron-parser-4.9.0.tgz",
      "integrity": "sha512-p0SaNjrHOnQeR8/VnfGbmg9te2kfyYSQ7Sc/j/6DtPL3JQvKxmjO9TSjNFpujqV3vEYYBvNNvXSxzyksBWAx1Q==",
      "dependencies": {
        "luxon": "^3.2.1"
      },
      "engines": {
        "node": ">=12.0.0"
      }
    },
    "node_modules/luxon": {
      "version": "3.4.3",
      "resolved": "https://registry.npmjs.org/luxon/-/luxon-3.4.3.tgz",
      "integrity": "sha512-tFWBiv3h7z+T/tDaoxA8rqTxy1CHV6gHS//QdaH4pulbq/JuBSGgQspQQqcgnwdAx6pNI7cmvz5Sv/addzHmUg==",
      "engines": {
        "node": ">=12"
      }
    },
    "node_modules/node-cron": {
      "version": "3.0.2",
      "resolved": "https://registry.npmjs.org/node-cron/-/node-cron-3.0.2.tgz",
      "integrity": "sha512-iP8l0yGlNpE0e6q1o185yOApANRe47UPbLf4YxfbiNHt/RU5eBcGB/e0oudruheSf+LQeDMezqC5BVAb5wwRcQ==",
      "dependencies": {
        "uuid": "8.3.2"
      },
      "engines": {
        "node": ">=6.0.0"
      }
    },
    "node_modules/uuid": {
      "version": "8.3.2",
      "resolved": "https://registry.npmjs.org/uuid/-/uuid-8.3.2.tgz",
      "integrity": "sha512-+NYs2QeMWy+GWFOEm9xnn6HCDp0l7QBD7ml8zLUmJ+93Q5NF0NocErnwkTkXVFNiX3/fpC6afS8Dhb/gz7R7eg==",
      "bin": {
        "uuid": "dist/bin/uuid"
      }
    }
  }
}
