{
  "name": "chatgpt-rest-api",
  "version": "1.0.0",
  "lockfileVersion": 3,
  "requires": true,
  "packages": {
    "": {
      "name": "chatgpt-rest-api",
      "version": "1.0.0",
      "license": "ISC",
      "dependencies": {
        "codehooks-js": "^1.0.1"
      }
    },
    "node_modules/codehooks-js": {
      "version": "1.0.1",
      "resolved": "https://registry.npmjs.org/codehooks-js/-/codehooks-js-1.0.1.tgz",
      "integrity": "sha512-oIuifjp1BJPPm3AUQ5OvPzN+oDoDtJcUlM12RXkoBRJUKI3PVQkOKZZlFWDF2DlCTvKei4tyyAb7wi16nMayWw==",
      "hasShrinkwrap": true,
      "engines": {
        "node": ">=14.17.0"
      }
    }
  }
}
