{
  "name": "dynamicweb",
  "version": "1.0.0",
  "lockfileVersion": 2,
  "requires": true,
  "packages": {
    "": {
      "name": "dynamicweb",
      "version": "1.0.0",
      "license": "ISC",
      "dependencies": {
        "busboy": "^1.6.0",
        "codehooks-js": "^1.1.10",
        "handlebars": "^4.7.8",
        "handlebars-layouts": "^3.1.4"
      }
    },
    "node_modules/busboy": {
      "version": "1.6.0",
      "resolved": "https://registry.npmjs.org/busboy/-/busboy-1.6.0.tgz",
      "integrity": "sha512-8SFQbg/0hQ9xy3UNTB0YEnsNBbWfhf7RtnzpL7TkBiTBRfrQ9Fxcnz7VJsleJpyp6rVLvXiuORqjlHi5q+PYuA==",
      "dependencies": {
        "streamsearch": "^1.1.0"
      },
      "engines": {
        "node": ">=10.16.0"
      }
    },
    "node_modules/codehooks-js": {
      "version": "1.1.10",
      "resolved": "https://registry.npmjs.org/codehooks-js/-/codehooks-js-1.1.10.tgz",
      "integrity": "sha512-xwrns90rPiMIqqi4p9D3JTB7ae+T+AB0mIWXAG6nJfd8kVBt8LR+eUHsMR56WQuBuiJ7MU8TnwnJOaVXuC1qkw==",
      "dependencies": {
        "cron-parser": "^4.7.1",
        "lodash": "^4.17.21",
        "mime": "^3.0.0",
        "node-cron": "^3.0.2"
      },
      "engines": {
        "node": ">=14.17.0"
      }
    },
    "node_modules/cron-parser": {
      "version": "4.9.0",
      "resolved": "https://registry.npmjs.org/cron-parser/-/cron-parser-4.9.0.tgz",
      "integrity": "sha512-p0SaNjrHOnQeR8/VnfGbmg9te2kfyYSQ7Sc/j/6DtPL3JQvKxmjO9TSjNFpujqV3vEYYBvNNvXSxzyksBWAx1Q==",
      "dependencies": {
        "luxon": "^3.2.1"
      },
      "engines": {
        "node": ">=12.0.0"
      }
    },
    "node_modules/handlebars": {
      "version": "4.7.8",
      "resolved": "https://registry.npmjs.org/handlebars/-/handlebars-4.7.8.tgz",
      "integrity": "sha512-vafaFqs8MZkRrSX7sFVUdo3ap/eNiLnb4IakshzvP56X5Nr1iGKAIqdX6tMlm6HcNRIkr6AxO5jFEoJzzpT8aQ==",
      "dependencies": {
        "minimist": "^1.2.5",
        "neo-async": "^2.6.2",
        "source-map": "^0.6.1",
        "wordwrap": "^1.0.0"
      },
      "bin": {
        "handlebars": "bin/handlebars"
      },
      "engines": {
        "node": ">=0.4.7"
      },
      "optionalDependencies": {
        "uglify-js": "^3.1.4"
      }
    },
    "node_modules/handlebars-layouts": {
      "version": "3.1.4",
      "resolved": "https://registry.npmjs.org/handlebars-layouts/-/handlebars-layouts-3.1.4.tgz",
      "integrity": "sha512-2llBmvnj8ueOfxNHdRzJOcgalzZjYVd9+WAl93kPYmlX4WGx7FTHTzNxhK+i9YKY2OSjzfehgpLiIwP/OJr6tw==",
      "engines": {
        "node": ">= 0.10"
      }
    },
    "node_modules/lodash": {
      "version": "4.17.21",
      "resolved": "https://registry.npmjs.org/lodash/-/lodash-4.17.21.tgz",
      "integrity": "sha512-v2kDEe57lecTulaDIuNTPy3Ry4gLGJ6Z1O3vE1krgXZNrsQ+LFTGHVxVjcXPs17LhbZVGedAJv8XZ1tvj5FvSg=="
    },
    "node_modules/luxon": {
      "version": "3.4.4",
      "resolved": "https://registry.npmjs.org/luxon/-/luxon-3.4.4.tgz",
      "integrity": "sha512-zobTr7akeGHnv7eBOXcRgMeCP6+uyYsczwmeRCauvpvaAltgNyTbLH/+VaEAPUeWBT+1GuNmz4wC/6jtQzbbVA==",
      "engines": {
        "node": ">=12"
      }
    },
    "node_modules/mime": {
      "version": "3.0.0",
      "resolved": "https://registry.npmjs.org/mime/-/mime-3.0.0.tgz",
      "integrity": "sha512-jSCU7/VB1loIWBZe14aEYHU/+1UMEHoaO7qxCOVJOw9GgH72VAWppxNcjU+x9a2k3GSIBXNKxXQFqRvvZ7vr3A==",
      "bin": {
        "mime": "cli.js"
      },
      "engines": {
        "node": ">=10.0.0"
      }
    },
    "node_modules/minimist": {
      "version": "1.2.8",
      "resolved": "https://registry.npmjs.org/minimist/-/minimist-1.2.8.tgz",
      "integrity": "sha512-2yyAR8qBkN3YuheJanUpWC5U3bb5osDywNB8RzDVlDwDHbocAJveqqj1u8+SVD7jkWT4yvsHCpWqqWqAxb0zCA==",
      "funding": {
        "url": "https://github.com/sponsors/ljharb"
      }
    },
    "node_modules/neo-async": {
      "version": "2.6.2",
      "resolved": "https://registry.npmjs.org/neo-async/-/neo-async-2.6.2.tgz",
      "integrity": "sha512-Yd3UES5mWCSqR+qNT93S3UoYUkqAZ9lLg8a7g9rimsWmYGK8cVToA4/sF3RrshdyV3sAGMXVUmpMYOw+dLpOuw=="
    },
    "node_modules/node-cron": {
      "version": "3.0.3",
      "resolved": "https://registry.npmjs.org/node-cron/-/node-cron-3.0.3.tgz",
      "integrity": "sha512-dOal67//nohNgYWb+nWmg5dkFdIwDm8EpeGYMekPMrngV3637lqnX0lbUcCtgibHTz6SEz7DAIjKvKDFYCnO1A==",
      "dependencies": {
        "uuid": "8.3.2"
      },
      "engines": {
        "node": ">=6.0.0"
      }
    },
    "node_modules/source-map": {
      "version": "0.6.1",
      "resolved": "https://registry.npmjs.org/source-map/-/source-map-0.6.1.tgz",
      "integrity": "sha512-UjgapumWlbMhkBgzT7Ykc5YXUT46F0iKu8SGXq0bcwP5dz/h0Plj6enJqjz1Zbq2l5WaqYnrVbwWOWMyF3F47g==",
      "engines": {
        "node": ">=0.10.0"
      }
    },
    "node_modules/streamsearch": {
      "version": "1.1.0",
      "resolved": "https://registry.npmjs.org/streamsearch/-/streamsearch-1.1.0.tgz",
      "integrity": "sha512-Mcc5wHehp9aXz1ax6bZUyY5afg9u2rv5cqQI3mRrYkGC8rW2hM02jWuwjtL++LS5qinSyhj2QfLyNsuc+VsExg==",
      "engines": {
        "node": ">=10.0.0"
      }
    },
    "node_modules/uglify-js": {
      "version": "3.17.4",
      "resolved": "https://registry.npmjs.org/uglify-js/-/uglify-js-3.17.4.tgz",
      "integrity": "sha512-T9q82TJI9e/C1TAxYvfb16xO120tMVFZrGA3f9/P4424DNu6ypK103y0GPFVa17yotwSyZW5iYXgjYHkGrJW/g==",
      "optional": true,
      "bin": {
        "uglifyjs": "bin/uglifyjs"
      },
      "engines": {
        "node": ">=0.8.0"
      }
    },
    "node_modules/uuid": {
      "version": "8.3.2",
      "resolved": "https://registry.npmjs.org/uuid/-/uuid-8.3.2.tgz",
      "integrity": "sha512-+NYs2QeMWy+GWFOEm9xnn6HCDp0l7QBD7ml8zLUmJ+93Q5NF0NocErnwkTkXVFNiX3/fpC6afS8Dhb/gz7R7eg==",
      "bin": {
        "uuid": "dist/bin/uuid"
      }
    },
    "node_modules/wordwrap": {
      "version": "1.0.0",
      "resolved": "https://registry.npmjs.org/wordwrap/-/wordwrap-1.0.0.tgz",
      "integrity": "sha512-gvVzJFlPycKc5dZN4yPkP8w7Dc37BtP1yczEneOb4uq34pXZcvrtRTmWV8W+Ume+XCxKgbjM+nevkyFPMybd4Q=="
    }
  },
  "dependencies": {
    "busboy": {
      "version": "1.6.0",
      "resolved": "https://registry.npmjs.org/busboy/-/busboy-1.6.0.tgz",
      "integrity": "sha512-8SFQbg/0hQ9xy3UNTB0YEnsNBbWfhf7RtnzpL7TkBiTBRfrQ9Fxcnz7VJsleJpyp6rVLvXiuORqjlHi5q+PYuA==",
      "requires": {
        "streamsearch": "^1.1.0"
      }
    },
    "codehooks-js": {
      "version": "1.1.10",
      "resolved": "https://registry.npmjs.org/codehooks-js/-/codehooks-js-1.1.10.tgz",
      "integrity": "sha512-xwrns90rPiMIqqi4p9D3JTB7ae+T+AB0mIWXAG6nJfd8kVBt8LR+eUHsMR56WQuBuiJ7MU8TnwnJOaVXuC1qkw==",
      "requires": {
        "cron-parser": "^4.7.1",
        "lodash": "^4.17.21",
        "mime": "^3.0.0",
        "node-cron": "^3.0.2"
      }
    },
    "cron-parser": {
      "version": "4.9.0",
      "resolved": "https://registry.npmjs.org/cron-parser/-/cron-parser-4.9.0.tgz",
      "integrity": "sha512-p0SaNjrHOnQeR8/VnfGbmg9te2kfyYSQ7Sc/j/6DtPL3JQvKxmjO9TSjNFpujqV3vEYYBvNNvXSxzyksBWAx1Q==",
      "requires": {
        "luxon": "^3.2.1"
      }
    },
    "handlebars": {
      "version": "4.7.8",
      "resolved": "https://registry.npmjs.org/handlebars/-/handlebars-4.7.8.tgz",
      "integrity": "sha512-vafaFqs8MZkRrSX7sFVUdo3ap/eNiLnb4IakshzvP56X5Nr1iGKAIqdX6tMlm6HcNRIkr6AxO5jFEoJzzpT8aQ==",
      "requires": {
        "minimist": "^1.2.5",
        "neo-async": "^2.6.2",
        "source-map": "^0.6.1",
        "uglify-js": "^3.1.4",
        "wordwrap": "^1.0.0"
      }
    },
    "handlebars-layouts": {
      "version": "3.1.4",
      "resolved": "https://registry.npmjs.org/handlebars-layouts/-/handlebars-layouts-3.1.4.tgz",
      "integrity": "sha512-2llBmvnj8ueOfxNHdRzJOcgalzZjYVd9+WAl93kPYmlX4WGx7FTHTzNxhK+i9YKY2OSjzfehgpLiIwP/OJr6tw=="
    },
    "lodash": {
      "version": "4.17.21",
      "resolved": "https://registry.npmjs.org/lodash/-/lodash-4.17.21.tgz",
      "integrity": "sha512-v2kDEe57lecTulaDIuNTPy3Ry4gLGJ6Z1O3vE1krgXZNrsQ+LFTGHVxVjcXPs17LhbZVGedAJv8XZ1tvj5FvSg=="
    },
    "luxon": {
      "version": "3.4.4",
      "resolved": "https://registry.npmjs.org/luxon/-/luxon-3.4.4.tgz",
      "integrity": "sha512-zobTr7akeGHnv7eBOXcRgMeCP6+uyYsczwmeRCauvpvaAltgNyTbLH/+VaEAPUeWBT+1GuNmz4wC/6jtQzbbVA=="
    },
    "mime": {
      "version": "3.0.0",
      "resolved": "https://registry.npmjs.org/mime/-/mime-3.0.0.tgz",
      "integrity": "sha512-jSCU7/VB1loIWBZe14aEYHU/+1UMEHoaO7qxCOVJOw9GgH72VAWppxNcjU+x9a2k3GSIBXNKxXQFqRvvZ7vr3A=="
    },
    "minimist": {
      "version": "1.2.8",
      "resolved": "https://registry.npmjs.org/minimist/-/minimist-1.2.8.tgz",
      "integrity": "sha512-2yyAR8qBkN3YuheJanUpWC5U3bb5osDywNB8RzDVlDwDHbocAJveqqj1u8+SVD7jkWT4yvsHCpWqqWqAxb0zCA=="
    },
    "neo-async": {
      "version": "2.6.2",
      "resolved": "https://registry.npmjs.org/neo-async/-/neo-async-2.6.2.tgz",
      "integrity": "sha512-Yd3UES5mWCSqR+qNT93S3UoYUkqAZ9lLg8a7g9rimsWmYGK8cVToA4/sF3RrshdyV3sAGMXVUmpMYOw+dLpOuw=="
    },
    "node-cron": {
      "version": "3.0.3",
      "resolved": "https://registry.npmjs.org/node-cron/-/node-cron-3.0.3.tgz",
      "integrity": "sha512-dOal67//nohNgYWb+nWmg5dkFdIwDm8EpeGYMekPMrngV3637lqnX0lbUcCtgibHTz6SEz7DAIjKvKDFYCnO1A==",
      "requires": {
        "uuid": "8.3.2"
      }
    },
    "source-map": {
      "version": "0.6.1",
      "resolved": "https://registry.npmjs.org/source-map/-/source-map-0.6.1.tgz",
      "integrity": "sha512-UjgapumWlbMhkBgzT7Ykc5YXUT46F0iKu8SGXq0bcwP5dz/h0Plj6enJqjz1Zbq2l5WaqYnrVbwWOWMyF3F47g=="
    },
    "streamsearch": {
      "version": "1.1.0",
      "resolved": "https://registry.npmjs.org/streamsearch/-/streamsearch-1.1.0.tgz",
      "integrity": "sha512-Mcc5wHehp9aXz1ax6bZUyY5afg9u2rv5cqQI3mRrYkGC8rW2hM02jWuwjtL++LS5qinSyhj2QfLyNsuc+VsExg=="
    },
    "uglify-js": {
      "version": "3.17.4",
      "resolved": "https://registry.npmjs.org/uglify-js/-/uglify-js-3.17.4.tgz",
      "integrity": "sha512-T9q82TJI9e/C1TAxYvfb16xO120tMVFZrGA3f9/P4424DNu6ypK103y0GPFVa17yotwSyZW5iYXgjYHkGrJW/g==",
      "optional": true
    },
    "uuid": {
      "version": "8.3.2",
      "resolved": "https://registry.npmjs.org/uuid/-/uuid-8.3.2.tgz",
      "integrity": "sha512-+NYs2QeMWy+GWFOEm9xnn6HCDp0l7QBD7ml8zLUmJ+93Q5NF0NocErnwkTkXVFNiX3/fpC6afS8Dhb/gz7R7eg=="
    },
    "wordwrap": {
      "version": "1.0.0",
      "resolved": "https://registry.npmjs.org/wordwrap/-/wordwrap-1.0.0.tgz",
      "integrity": "sha512-gvVzJFlPycKc5dZN4yPkP8w7Dc37BtP1yczEneOb4uq34pXZcvrtRTmWV8W+Ume+XCxKgbjM+nevkyFPMybd4Q=="
    }
  }
}
